
Microsoft Visual Studio Solution File, Format Version 12.00
# Visual Studio Version 17
VisualStudioVersion = 17.2.32505.173
MinimumVisualStudioVersion = 10.0.40219.1
Project("{FAE04EC0-301F-11D3-BF4B-00C04F79EFBC}") = "TPX.BookingSystem", "TPX.BookingSystem\TPX.BookingSystem.csproj", "{3568431E-C6A0-4116-9662-53E186F56587}"
EndProject
Global
	GlobalSection(SolutionConfigurationPlatforms) = preSolution
		Debug|Any CPU = Debug|Any CPU
		Release|Any CPU = Release|Any CPU
	EndGlobalSection
	GlobalSection(ProjectConfigurationPlatforms) = postSolution
		{3568431E-C6A0-4116-9662-53E186F56587}.Debug|Any CPU.ActiveCfg = Debug|Any CPU
		{3568431E-C6A0-4116-9662-53E186F56587}.Debug|Any CPU.Build.0 = Debug|Any CPU
		{3568431E-C6A0-4116-9662-53E186F56587}.Release|Any CPU.ActiveCfg = Release|Any CPU
		{3568431E-C6A0-4116-9662-53E186F56587}.Release|Any CPU.Build.0 = Release|Any CPU
	EndGlobalSection
	GlobalSection(SolutionProperties) = preSolution
		HideSolutionNode = FALSE
	EndGlobalSection
	GlobalSection(ExtensibilityGlobals) = postSolution
		SolutionGuid = {93AE8149-132C-4F66-95A5-65066BBD7B99}
	EndGlobalSection
EndGlobal
